
Microsoft Visual Studio Solution File, Format Version 12.00
# Visual Studio 15
VisualStudioVersion = 15.0.27617.1
MinimumVisualStudioVersion = 10.0.40219.1
Project("{2150E333-8FDC-42A3-9474-1A3956D46DE8}") = "src", "src", "{AA9E3CBF-BDC2-45E6-84D3-5E01997555B6}"
EndProject
Project("{2150E333-8FDC-42A3-9474-1A3956D46DE8}") = "Solution Items", "Solution Items", "{F392A322-BB56-48E2-ABEF-EB0CD11E2234}"
	ProjectSection(SolutionItems) = preProject
		.editorconfig = .editorconfig
	EndProjectSection
EndProject
Project("{FAE04EC0-301F-11D3-BF4B-00C04F79EFBC}") = "CoreUI.Mvc", "src\CoreUI.Mvc\CoreUI.Mvc.csproj", "{A756C9CF-A39E-4B2B-892B-DD19DCAAE24B}"
EndProject
Global
	GlobalSection(SolutionConfigurationPlatforms) = preSolution
		Debug|Any CPU = Debug|Any CPU
		Release|Any CPU = Release|Any CPU
	EndGlobalSection
	GlobalSection(ProjectConfigurationPlatforms) = postSolution
		{A756C9CF-A39E-4B2B-892B-DD19DCAAE24B}.Debug|Any CPU.ActiveCfg = Debug|Any CPU
		{A756C9CF-A39E-4B2B-892B-DD19DCAAE24B}.Debug|Any CPU.Build.0 = Debug|Any CPU
		{A756C9CF-A39E-4B2B-892B-DD19DCAAE24B}.Release|Any CPU.ActiveCfg = Release|Any CPU
		{A756C9CF-A39E-4B2B-892B-DD19DCAAE24B}.Release|Any CPU.Build.0 = Release|Any CPU
	EndGlobalSection
	GlobalSection(SolutionProperties) = preSolution
		HideSolutionNode = FALSE
	EndGlobalSection
	GlobalSection(NestedProjects) = preSolution
		{A756C9CF-A39E-4B2B-892B-DD19DCAAE24B} = {AA9E3CBF-BDC2-45E6-84D3-5E01997555B6}
	EndGlobalSection
	GlobalSection(ExtensibilityGlobals) = postSolution
		SolutionGuid = {BF6B3450-3346-4817-9F67-F32CBA05D2C8}
	EndGlobalSection
EndGlobal
